// !$*UTF8*$!
{
	archiveVersion = 1;
	classes = {
	};
	objectVersion = 56;
	objects = {

/* Begin PBXBuildFile section */
		31035C7029BA488800D95B49 /* SelectRepresentationView.swift in Sources */ = {isa = PBXBuildFile; fileRef = 31035C6F29BA488800D95B49 /* SelectRepresentationView.swift */; };
		31035C7629BA58EB00D95B49 /* EditRepresentationView.swift in Sources */ = {isa = PBXBuildFile; fileRef = 31035C7529BA58EB00D95B49 /* EditRepresentationView.swift */; };
		31054FFC29BAAC97004002DD /* DateService.swift in Sources */ = {isa = PBXBuildFile; fileRef = 31054FFB29BAAC97004002DD /* DateService.swift */; };
		31054FFE29BAB53B004002DD /* PrimaryCategory.swift in Sources */ = {isa = PBXBuildFile; fileRef = 31054FFD29BAB53B004002DD /* PrimaryCategory.swift */; };
		3105500029BAD183004002DD /* DispositionTypeOptions.swift in Sources */ = {isa = PBXBuildFile; fileRef = 31054FFF29BAD183004002DD /* DispositionTypeOptions.swift */; };
		3105500229BADFA3004002DD /* DispositionActionOptions.swift in Sources */ = {isa = PBXBuildFile; fileRef = 3105500129BADFA3004002DD /* DispositionActionOptions.swift */; };
		310A35022A3BED4800639766 /* BackupCause.swift in Sources */ = {isa = PBXBuildFile; fileRef = 310A35012A3BED4800639766 /* BackupCause.swift */; };
		310E80B52A00316200A18F67 /* DocumentAllCases.swift in Sources */ = {isa = PBXBuildFile; fileRef = 310E80B42A00316200A18F67 /* DocumentAllCases.swift */; };
		312683CE2A13E5A80052375F /* TextFieldWithFocus.swift in Sources */ = {isa = PBXBuildFile; fileRef = 312683CD2A13E5A80052375F /* TextFieldWithFocus.swift */; };
		3128E52029F3222D008D4C7E /* DocumentOpenCase.swift in Sources */ = {isa = PBXBuildFile; fileRef = 3128E51F29F3222D008D4C7E /* DocumentOpenCase.swift */; };
		312EA24829BD2B6000B61D0A /* DeviceRotationViewModifier.swift in Sources */ = {isa = PBXBuildFile; fileRef = 312EA24729BD2B6000B61D0A /* DeviceRotationViewModifier.swift */; };
		312EA8BD29F2ECB400991E55 /* CauseTypeOptions.swift in Sources */ = {isa = PBXBuildFile; fileRef = 312EA8BC29F2ECB400991E55 /* CauseTypeOptions.swift */; };
		312EEBDE2A3A5577003BFBBB /* BackupClient.swift in Sources */ = {isa = PBXBuildFile; fileRef = 312EEBDD2A3A5577003BFBBB /* BackupClient.swift */; };
		312F6DC929D91D8E00267C48 /* RepresentationExtension.swift in Sources */ = {isa = PBXBuildFile; fileRef = 312F6DC829D91D8E00267C48 /* RepresentationExtension.swift */; };
		31322A7029DDF755009FDB30 /* EditRepSelectCause.swift in Sources */ = {isa = PBXBuildFile; fileRef = 31322A6F29DDF755009FDB30 /* EditRepSelectCause.swift */; };
		31322A7229DE0C9B009FDB30 /* EditRepInputMain.swift in Sources */ = {isa = PBXBuildFile; fileRef = 31322A7129DE0C9B009FDB30 /* EditRepInputMain.swift */; };
		3137595A29B91A6B000482F2 /* AvailableCourts.swift in Sources */ = {isa = PBXBuildFile; fileRef = 3137595929B91A6B000482F2 /* AvailableCourts.swift */; };
		3137595C29B93086000482F2 /* AppearanceModel.swift in Sources */ = {isa = PBXBuildFile; fileRef = 3137595B29B93086000482F2 /* AppearanceModel.swift */; };
		3137595E29B93092000482F2 /* NotesModel.swift in Sources */ = {isa = PBXBuildFile; fileRef = 3137595D29B93092000482F2 /* NotesModel.swift */; };
		3137596029B9597C000482F2 /* RepresentationModel.swift in Sources */ = {isa = PBXBuildFile; fileRef = 3137595F29B9597C000482F2 /* RepresentationModel.swift */; };
		313A657229BB8F8C009B484D /* SelectCauseUtil.swift in Sources */ = {isa = PBXBuildFile; fileRef = 313A657129BB8F8C009B484D /* SelectCauseUtil.swift */; };
		313BC3AB29AF025900D99BB8 /* CauseModel.swift in Sources */ = {isa = PBXBuildFile; fileRef = 313BC3AA29AF025900D99BB8 /* CauseModel.swift */; };
		3147C82E29DCF87A005B56F7 /* ExpandedCause.swift in Sources */ = {isa = PBXBuildFile; fileRef = 3147C82D29DCF87A005B56F7 /* ExpandedCause.swift */; };
		3147C83029DCFB38005B56F7 /* ExpandedRepresentation.swift in Sources */ = {isa = PBXBuildFile; fileRef = 3147C82F29DCFB38005B56F7 /* ExpandedRepresentation.swift */; };
		316035E529B443A3002D82F3 /* OffenseLevel.swift in Sources */ = {isa = PBXBuildFile; fileRef = 316035E429B443A3002D82F3 /* OffenseLevel.swift */; };
		31677FFA2B029E49004D0783 /* ToDoListView.swift in Sources */ = {isa = PBXBuildFile; fileRef = 31677FF92B029E49004D0783 /* ToDoListView.swift */; };
		317D987A29B1825400709C32 /* CauseExtension.swift in Sources */ = {isa = PBXBuildFile; fileRef = 317D987929B1825400709C32 /* CauseExtension.swift */; };
		317D987C29B1844700709C32 /* SelectCauseView.swift in Sources */ = {isa = PBXBuildFile; fileRef = 317D987B29B1844700709C32 /* SelectCauseView.swift */; };
		318BD04729AA7DBC0063BAA1 /* npmbApp.swift in Sources */ = {isa = PBXBuildFile; fileRef = 318BD04629AA7DBC0063BAA1 /* npmbApp.swift */; };
		318BD04929AA7DBC0063BAA1 /* ContentView.swift in Sources */ = {isa = PBXBuildFile; fileRef = 318BD04829AA7DBC0063BAA1 /* ContentView.swift */; };
		318BD04B29AA7DBD0063BAA1 /* Assets.xcassets in Resources */ = {isa = PBXBuildFile; fileRef = 318BD04A29AA7DBD0063BAA1 /* Assets.xcassets */; };
		318BD04E29AA7DBD0063BAA1 /* Preview Assets.xcassets in Resources */ = {isa = PBXBuildFile; fileRef = 318BD04D29AA7DBD0063BAA1 /* Preview Assets.xcassets */; };
		318BD05A29AA800C0063BAA1 /* CustomTextField.swift in Sources */ = {isa = PBXBuildFile; fileRef = 318BD05529AA800B0063BAA1 /* CustomTextField.swift */; };
		318BD05B29AA800C0063BAA1 /* LoginView.swift in Sources */ = {isa = PBXBuildFile; fileRef = 318BD05629AA800C0063BAA1 /* LoginView.swift */; };
		318BD05C29AA800C0063BAA1 /* CustomButton.swift in Sources */ = {isa = PBXBuildFile; fileRef = 318BD05729AA800C0063BAA1 /* CustomButton.swift */; };
		318BD05D29AA800C0063BAA1 /* MainInterfaceView.swift in Sources */ = {isa = PBXBuildFile; fileRef = 318BD05829AA800C0063BAA1 /* MainInterfaceView.swift */; };
		318BD05E29AA800C0063BAA1 /* RegistrationView.swift in Sources */ = {isa = PBXBuildFile; fileRef = 318BD05929AA800C0063BAA1 /* RegistrationView.swift */; };
		318BD06129AA809C0063BAA1 /* FirebaseAuth in Frameworks */ = {isa = PBXBuildFile; productRef = 318BD06029AA809C0063BAA1 /* FirebaseAuth */; };
		318BD06329AA809C0063BAA1 /* FirebaseFirestore in Frameworks */ = {isa = PBXBuildFile; productRef = 318BD06229AA809C0063BAA1 /* FirebaseFirestore */; };
		318BD06529AA809C0063BAA1 /* FirebaseFirestoreCombine-Community in Frameworks */ = {isa = PBXBuildFile; productRef = 318BD06429AA809C0063BAA1 /* FirebaseFirestoreCombine-Community */; };
		318BD06729AA809C0063BAA1 /* FirebaseFirestoreSwift in Frameworks */ = {isa = PBXBuildFile; productRef = 318BD06629AA809C0063BAA1 /* FirebaseFirestoreSwift */; };
		318BD06A29AA820E0063BAA1 /* CommonViewModel.swift in Sources */ = {isa = PBXBuildFile; fileRef = 318BD06929AA820E0063BAA1 /* CommonViewModel.swift */; };
		318BD06C29AA84610063BAA1 /* GoogleService-Info.plist in Resources */ = {isa = PBXBuildFile; fileRef = 318BD06B29AA84610063BAA1 /* GoogleService-Info.plist */; };
		318BD06F29AA9BC00063BAA1 /* ClientModel.swift in Sources */ = {isa = PBXBuildFile; fileRef = 318BD06E29AA9BC00063BAA1 /* ClientModel.swift */; };
		318BD07229AA9D280063BAA1 /* FormattingService.swift in Sources */ = {isa = PBXBuildFile; fileRef = 318BD07129AA9D280063BAA1 /* FormattingService.swift */; };
		318BD07529AA9FD60063BAA1 /* EditClientView.swift in Sources */ = {isa = PBXBuildFile; fileRef = 318BD07429AA9FD60063BAA1 /* EditClientView.swift */; };
		318BD07829AAA0C30063BAA1 /* StateCodeModel.swift in Sources */ = {isa = PBXBuildFile; fileRef = 318BD07729AAA0C30063BAA1 /* StateCodeModel.swift */; };
		318BD07B29AAA12A0063BAA1 /* GrowingButton.swift in Sources */ = {isa = PBXBuildFile; fileRef = 318BD07A29AAA12A0063BAA1 /* GrowingButton.swift */; };
		318BD07D29AAA87D0063BAA1 /* YesNoModel.swift in Sources */ = {isa = PBXBuildFile; fileRef = 318BD07C29AAA87D0063BAA1 /* YesNoModel.swift */; };
		318BD07F29AAB2270063BAA1 /* SelectClientView.swift in Sources */ = {isa = PBXBuildFile; fileRef = 318BD07E29AAB2270063BAA1 /* SelectClientView.swift */; };
		318BD08129AAB3320063BAA1 /* ClientExtension.swift in Sources */ = {isa = PBXBuildFile; fileRef = 318BD08029AAB3320063BAA1 /* ClientExtension.swift */; };
		318D7B5629E36D3D00256FDC /* EditRepInpNote.swift in Sources */ = {isa = PBXBuildFile; fileRef = 318D7B5529E36D3D00256FDC /* EditRepInpNote.swift */; };
		318D7B5829E370C100256FDC /* NoteCats.swift in Sources */ = {isa = PBXBuildFile; fileRef = 318D7B5729E370C100256FDC /* NoteCats.swift */; };
		3191681029DF424800C96B92 /* AppearanceExtension.swift in Sources */ = {isa = PBXBuildFile; fileRef = 3191680F29DF424800C96B92 /* AppearanceExtension.swift */; };
		3191681229DF4AEA00C96B92 /* EditRepInputAppearance.swift in Sources */ = {isa = PBXBuildFile; fileRef = 3191681129DF4AEA00C96B92 /* EditRepInputAppearance.swift */; };
		31B6748529B6F2100007D08B /* ActionEdit.swift in Sources */ = {isa = PBXBuildFile; fileRef = 31B6748429B6F2100007D08B /* ActionEdit.swift */; };
		31B6748729B6F4620007D08B /* ActionSelect.swift in Sources */ = {isa = PBXBuildFile; fileRef = 31B6748629B6F4620007D08B /* ActionSelect.swift */; };
		31BC47842A014F6E00FE8F45 /* PrintRepresentationStatus.swift in Sources */ = {isa = PBXBuildFile; fileRef = 31BC47832A014F6E00FE8F45 /* PrintRepresentationStatus.swift */; };
		31BC68FD29E8585A00E60FC9 /* DocumentStatement.swift in Sources */ = {isa = PBXBuildFile; fileRef = 31BC68FC29E8585A00E60FC9 /* DocumentStatement.swift */; };
		31DDC17929E705E20071EC59 /* DocumentMenuView.swift in Sources */ = {isa = PBXBuildFile; fileRef = 31DDC17829E705E20071EC59 /* DocumentMenuView.swift */; };
		31DDC17B29E708130071EC59 /* DocumentDocket.swift in Sources */ = {isa = PBXBuildFile; fileRef = 31DDC17A29E708130071EC59 /* DocumentDocket.swift */; };
		31DDC17E29E708C40071EC59 /* CustomDismissButton.swift in Sources */ = {isa = PBXBuildFile; fileRef = 31DDC17D29E708C40071EC59 /* CustomDismissButton.swift */; };
		31DDC18029E70AC60071EC59 /* CustomNarrowButton.swift in Sources */ = {isa = PBXBuildFile; fileRef = 31DDC17F29E70AC60071EC59 /* CustomNarrowButton.swift */; };
		31DDC18229E748370071EC59 /* ExpandedAppearance.swift in Sources */ = {isa = PBXBuildFile; fileRef = 31DDC18129E748370071EC59 /* ExpandedAppearance.swift */; };
		31E0F5B02A3D1430008E589C /* BackupRepresentation.swift in Sources */ = {isa = PBXBuildFile; fileRef = 31E0F5AF2A3D1430008E589C /* BackupRepresentation.swift */; };
		31E60D9329C3BC8900DC6A97 /* FunctionReturn.swift in Sources */ = {isa = PBXBuildFile; fileRef = 31E60D9229C3BC8900DC6A97 /* FunctionReturn.swift */; };
		31F36A3029B190750059D122 /* EditCauseView.swift in Sources */ = {isa = PBXBuildFile; fileRef = 31F36A2F29B190750059D122 /* EditCauseView.swift */; };
		31F919042A0859DD008C73D8 /* PrintClientStatus.swift in Sources */ = {isa = PBXBuildFile; fileRef = 31F919032A0859DD008C73D8 /* PrintClientStatus.swift */; };
		31F919062A085B4E008C73D8 /* CustomDeleteButton.swift in Sources */ = {isa = PBXBuildFile; fileRef = 31F919052A085B4E008C73D8 /* CustomDeleteButton.swift */; };
		31F94D6C2A39FA2800C62FF2 /* BackupMenuView.swift in Sources */ = {isa = PBXBuildFile; fileRef = 31F94D6B2A39FA2800C62FF2 /* BackupMenuView.swift */; };
		31FA892829E454FA0033AAC7 /* NotesExtension.swift in Sources */ = {isa = PBXBuildFile; fileRef = 31FA892729E454FA0033AAC7 /* NotesExtension.swift */; };
		31FA892A29E47A6E0033AAC7 /* CustomGreenButton.swift in Sources */ = {isa = PBXBuildFile; fileRef = 31FA892929E47A6E0033AAC7 /* CustomGreenButton.swift */; };
		31FA892C29E499140033AAC7 /* CauseLineLabel.swift in Sources */ = {isa = PBXBuildFile; fileRef = 31FA892B29E499140033AAC7 /* CauseLineLabel.swift */; };
/* End PBXBuildFile section */

/* Begin PBXFileReference section */
		31035C6F29BA488800D95B49 /* SelectRepresentationView.swift */ = {isa = PBXFileReference; lastKnownFileType = sourcecode.swift; path = SelectRepresentationView.swift; sourceTree = "<group>"; };
		31035C7529BA58EB00D95B49 /* EditRepresentationView.swift */ = {isa = PBXFileReference; lastKnownFileType = sourcecode.swift; path = EditRepresentationView.swift; sourceTree = "<group>"; };
		31054FFB29BAAC97004002DD /* DateService.swift */ = {isa = PBXFileReference; lastKnownFileType = sourcecode.swift; path = DateService.swift; sourceTree = "<group>"; };
		31054FFD29BAB53B004002DD /* PrimaryCategory.swift */ = {isa = PBXFileReference; lastKnownFileType = sourcecode.swift; path = PrimaryCategory.swift; sourceTree = "<group>"; };
		31054FFF29BAD183004002DD /* DispositionTypeOptions.swift */ = {isa = PBXFileReference; lastKnownFileType = sourcecode.swift; path = DispositionTypeOptions.swift; sourceTree = "<group>"; };
		3105500129BADFA3004002DD /* DispositionActionOptions.swift */ = {isa = PBXFileReference; lastKnownFileType = sourcecode.swift; path = DispositionActionOptions.swift; sourceTree = "<group>"; };
		310A35012A3BED4800639766 /* BackupCause.swift */ = {isa = PBXFileReference; lastKnownFileType = sourcecode.swift; path = BackupCause.swift; sourceTree = "<group>"; };
		310E80B42A00316200A18F67 /* DocumentAllCases.swift */ = {isa = PBXFileReference; lastKnownFileType = sourcecode.swift; path = DocumentAllCases.swift; sourceTree = "<group>"; };
		312683CD2A13E5A80052375F /* TextFieldWithFocus.swift */ = {isa = PBXFileReference; lastKnownFileType = sourcecode.swift; path = TextFieldWithFocus.swift; sourceTree = "<group>"; };
		3128E51F29F3222D008D4C7E /* DocumentOpenCase.swift */ = {isa = PBXFileReference; lastKnownFileType = sourcecode.swift; path = DocumentOpenCase.swift; sourceTree = "<group>"; };
		312EA24729BD2B6000B61D0A /* DeviceRotationViewModifier.swift */ = {isa = PBXFileReference; lastKnownFileType = sourcecode.swift; path = DeviceRotationViewModifier.swift; sourceTree = "<group>"; };
		312EA8BC29F2ECB400991E55 /* CauseTypeOptions.swift */ = {isa = PBXFileReference; lastKnownFileType = sourcecode.swift; path = CauseTypeOptions.swift; sourceTree = "<group>"; };
		312EEBDD2A3A5577003BFBBB /* BackupClient.swift */ = {isa = PBXFileReference; lastKnownFileType = sourcecode.swift; path = BackupClient.swift; sourceTree = "<group>"; };
		312F6DC829D91D8E00267C48 /* RepresentationExtension.swift */ = {isa = PBXFileReference; lastKnownFileType = sourcecode.swift; path = RepresentationExtension.swift; sourceTree = "<group>"; };
		31322A6F29DDF755009FDB30 /* EditRepSelectCause.swift */ = {isa = PBXFileReference; lastKnownFileType = sourcecode.swift; path = EditRepSelectCause.swift; sourceTree = "<group>"; };
		31322A7129DE0C9B009FDB30 /* EditRepInputMain.swift */ = {isa = PBXFileReference; lastKnownFileType = sourcecode.swift; path = EditRepInputMain.swift; sourceTree = "<group>"; };
		3137595929B91A6B000482F2 /* AvailableCourts.swift */ = {isa = PBXFileReference; lastKnownFileType = sourcecode.swift; path = AvailableCourts.swift; sourceTree = "<group>"; };
		3137595B29B93086000482F2 /* AppearanceModel.swift */ = {isa = PBXFileReference; lastKnownFileType = sourcecode.swift; path = AppearanceModel.swift; sourceTree = "<group>"; };
		3137595D29B93092000482F2 /* NotesModel.swift */ = {isa = PBXFileReference; lastKnownFileType = sourcecode.swift; path = NotesModel.swift; sourceTree = "<group>"; };
		3137595F29B9597C000482F2 /* RepresentationModel.swift */ = {isa = PBXFileReference; lastKnownFileType = sourcecode.swift; path = RepresentationModel.swift; sourceTree = "<group>"; };
		313A657129BB8F8C009B484D /* SelectCauseUtil.swift */ = {isa = PBXFileReference; lastKnownFileType = sourcecode.swift; path = SelectCauseUtil.swift; sourceTree = "<group>"; };
		313BC3AA29AF025900D99BB8 /* CauseModel.swift */ = {isa = PBXFileReference; lastKnownFileType = sourcecode.swift; path = CauseModel.swift; sourceTree = "<group>"; };
		3147C82D29DCF87A005B56F7 /* ExpandedCause.swift */ = {isa = PBXFileReference; lastKnownFileType = sourcecode.swift; path = ExpandedCause.swift; sourceTree = "<group>"; };
		3147C82F29DCFB38005B56F7 /* ExpandedRepresentation.swift */ = {isa = PBXFileReference; lastKnownFileType = sourcecode.swift; path = ExpandedRepresentation.swift; sourceTree = "<group>"; };
		316035E429B443A3002D82F3 /* OffenseLevel.swift */ = {isa = PBXFileReference; lastKnownFileType = sourcecode.swift; path = OffenseLevel.swift; sourceTree = "<group>"; };
		31677FF92B029E49004D0783 /* ToDoListView.swift */ = {isa = PBXFileReference; lastKnownFileType = sourcecode.swift; path = ToDoListView.swift; sourceTree = "<group>"; };
		317D987929B1825400709C32 /* CauseExtension.swift */ = {isa = PBXFileReference; lastKnownFileType = sourcecode.swift; path = CauseExtension.swift; sourceTree = "<group>"; };
		317D987B29B1844700709C32 /* SelectCauseView.swift */ = {isa = PBXFileReference; lastKnownFileType = sourcecode.swift; path = SelectCauseView.swift; sourceTree = "<group>"; };
		318BD04329AA7DBC0063BAA1 /* npmb.app */ = {isa = PBXFileReference; explicitFileType = wrapper.application; includeInIndex = 0; path = npmb.app; sourceTree = BUILT_PRODUCTS_DIR; };
		318BD04629AA7DBC0063BAA1 /* npmbApp.swift */ = {isa = PBXFileReference; lastKnownFileType = sourcecode.swift; path = npmbApp.swift; sourceTree = "<group>"; };
		318BD04829AA7DBC0063BAA1 /* ContentView.swift */ = {isa = PBXFileReference; lastKnownFileType = sourcecode.swift; path = ContentView.swift; sourceTree = "<group>"; };
		318BD04A29AA7DBD0063BAA1 /* Assets.xcassets */ = {isa = PBXFileReference; lastKnownFileType = folder.assetcatalog; path = Assets.xcassets; sourceTree = "<group>"; };
		318BD04D29AA7DBD0063BAA1 /* Preview Assets.xcassets */ = {isa = PBXFileReference; lastKnownFileType = folder.assetcatalog; path = "Preview Assets.xcassets"; sourceTree = "<group>"; };
		318BD05529AA800B0063BAA1 /* CustomTextField.swift */ = {isa = PBXFileReference; fileEncoding = 4; lastKnownFileType = sourcecode.swift; path = CustomTextField.swift; sourceTree = "<group>"; };
		318BD05629AA800C0063BAA1 /* LoginView.swift */ = {isa = PBXFileReference; fileEncoding = 4; lastKnownFileType = sourcecode.swift; path = LoginView.swift; sourceTree = "<group>"; };
		318BD05729AA800C0063BAA1 /* CustomButton.swift */ = {isa = PBXFileReference; fileEncoding = 4; lastKnownFileType = sourcecode.swift; path = CustomButton.swift; sourceTree = "<group>"; };
		318BD05829AA800C0063BAA1 /* MainInterfaceView.swift */ = {isa = PBXFileReference; fileEncoding = 4; lastKnownFileType = sourcecode.swift; path = MainInterfaceView.swift; sourceTree = "<group>"; };
		318BD05929AA800C0063BAA1 /* RegistrationView.swift */ = {isa = PBXFileReference; fileEncoding = 4; lastKnownFileType = sourcecode.swift; path = RegistrationView.swift; sourceTree = "<group>"; };
		318BD06929AA820E0063BAA1 /* CommonViewModel.swift */ = {isa = PBXFileReference; lastKnownFileType = sourcecode.swift; path = CommonViewModel.swift; sourceTree = "<group>"; };
		318BD06B29AA84610063BAA1 /* GoogleService-Info.plist */ = {isa = PBXFileReference; fileEncoding = 4; lastKnownFileType = text.plist.xml; path = "GoogleService-Info.plist"; sourceTree = "<group>"; };
		318BD06E29AA9BC00063BAA1 /* ClientModel.swift */ = {isa = PBXFileReference; fileEncoding = 4; lastKnownFileType = sourcecode.swift; path = ClientModel.swift; sourceTree = "<group>"; };
		318BD07129AA9D280063BAA1 /* FormattingService.swift */ = {isa = PBXFileReference; lastKnownFileType = sourcecode.swift; path = FormattingService.swift; sourceTree = "<group>"; };
		318BD07429AA9FD60063BAA1 /* EditClientView.swift */ = {isa = PBXFileReference; lastKnownFileType = sourcecode.swift; path = EditClientView.swift; sourceTree = "<group>"; };
		318BD07729AAA0C30063BAA1 /* StateCodeModel.swift */ = {isa = PBXFileReference; fileEncoding = 4; lastKnownFileType = sourcecode.swift; path = StateCodeModel.swift; sourceTree = "<group>"; };
		318BD07A29AAA12A0063BAA1 /* GrowingButton.swift */ = {isa = PBXFileReference; fileEncoding = 4; lastKnownFileType = sourcecode.swift; path = GrowingButton.swift; sourceTree = "<group>"; };
		318BD07C29AAA87D0063BAA1 /* YesNoModel.swift */ = {isa = PBXFileReference; fileEncoding = 4; lastKnownFileType = sourcecode.swift; path = YesNoModel.swift; sourceTree = "<group>"; };
		318BD07E29AAB2270063BAA1 /* SelectClientView.swift */ = {isa = PBXFileReference; lastKnownFileType = sourcecode.swift; path = SelectClientView.swift; sourceTree = "<group>"; };
		318BD08029AAB3320063BAA1 /* ClientExtension.swift */ = {isa = PBXFileReference; fileEncoding = 4; lastKnownFileType = sourcecode.swift; path = ClientExtension.swift; sourceTree = "<group>"; };
		318D7B5529E36D3D00256FDC /* EditRepInpNote.swift */ = {isa = PBXFileReference; lastKnownFileType = sourcecode.swift; path = EditRepInpNote.swift; sourceTree = "<group>"; };
		318D7B5729E370C100256FDC /* NoteCats.swift */ = {isa = PBXFileReference; lastKnownFileType = sourcecode.swift; path = NoteCats.swift; sourceTree = "<group>"; };
		3191680F29DF424800C96B92 /* AppearanceExtension.swift */ = {isa = PBXFileReference; lastKnownFileType = sourcecode.swift; path = AppearanceExtension.swift; sourceTree = "<group>"; };
		3191681129DF4AEA00C96B92 /* EditRepInputAppearance.swift */ = {isa = PBXFileReference; lastKnownFileType = sourcecode.swift; path = EditRepInputAppearance.swift; sourceTree = "<group>"; };
		31B6748429B6F2100007D08B /* ActionEdit.swift */ = {isa = PBXFileReference; lastKnownFileType = sourcecode.swift; path = ActionEdit.swift; sourceTree = "<group>"; };
		31B6748629B6F4620007D08B /* ActionSelect.swift */ = {isa = PBXFileReference; lastKnownFileType = sourcecode.swift; path = ActionSelect.swift; sourceTree = "<group>"; };
		31BC47832A014F6E00FE8F45 /* PrintRepresentationStatus.swift */ = {isa = PBXFileReference; lastKnownFileType = sourcecode.swift; path = PrintRepresentationStatus.swift; sourceTree = "<group>"; };
		31BC68FC29E8585A00E60FC9 /* DocumentStatement.swift */ = {isa = PBXFileReference; lastKnownFileType = sourcecode.swift; path = DocumentStatement.swift; sourceTree = "<group>"; };
		31DDC17829E705E20071EC59 /* DocumentMenuView.swift */ = {isa = PBXFileReference; lastKnownFileType = sourcecode.swift; path = DocumentMenuView.swift; sourceTree = "<group>"; };
		31DDC17A29E708130071EC59 /* DocumentDocket.swift */ = {isa = PBXFileReference; lastKnownFileType = sourcecode.swift; path = DocumentDocket.swift; sourceTree = "<group>"; };
		31DDC17D29E708C40071EC59 /* CustomDismissButton.swift */ = {isa = PBXFileReference; lastKnownFileType = sourcecode.swift; path = CustomDismissButton.swift; sourceTree = "<group>"; };
		31DDC17F29E70AC60071EC59 /* CustomNarrowButton.swift */ = {isa = PBXFileReference; lastKnownFileType = sourcecode.swift; path = CustomNarrowButton.swift; sourceTree = "<group>"; };
		31DDC18129E748370071EC59 /* ExpandedAppearance.swift */ = {isa = PBXFileReference; lastKnownFileType = sourcecode.swift; path = ExpandedAppearance.swift; sourceTree = "<group>"; };
		31E0F5AF2A3D1430008E589C /* BackupRepresentation.swift */ = {isa = PBXFileReference; lastKnownFileType = sourcecode.swift; path = BackupRepresentation.swift; sourceTree = "<group>"; };
		31E60D9229C3BC8900DC6A97 /* FunctionReturn.swift */ = {isa = PBXFileReference; lastKnownFileType = sourcecode.swift; path = FunctionReturn.swift; sourceTree = "<group>"; };
		31F36A2F29B190750059D122 /* EditCauseView.swift */ = {isa = PBXFileReference; lastKnownFileType = sourcecode.swift; path = EditCauseView.swift; sourceTree = "<group>"; };
		31F919032A0859DD008C73D8 /* PrintClientStatus.swift */ = {isa = PBXFileReference; lastKnownFileType = sourcecode.swift; path = PrintClientStatus.swift; sourceTree = "<group>"; };
		31F919052A085B4E008C73D8 /* CustomDeleteButton.swift */ = {isa = PBXFileReference; lastKnownFileType = sourcecode.swift; path = CustomDeleteButton.swift; sourceTree = "<group>"; };
		31F94D6B2A39FA2800C62FF2 /* BackupMenuView.swift */ = {isa = PBXFileReference; lastKnownFileType = sourcecode.swift; path = BackupMenuView.swift; sourceTree = "<group>"; };
		31FA892729E454FA0033AAC7 /* NotesExtension.swift */ = {isa = PBXFileReference; lastKnownFileType = sourcecode.swift; path = NotesExtension.swift; sourceTree = "<group>"; };
		31FA892929E47A6E0033AAC7 /* CustomGreenButton.swift */ = {isa = PBXFileReference; lastKnownFileType = sourcecode.swift; path = CustomGreenButton.swift; sourceTree = "<group>"; };
		31FA892B29E499140033AAC7 /* CauseLineLabel.swift */ = {isa = PBXFileReference; lastKnownFileType = sourcecode.swift; path = CauseLineLabel.swift; sourceTree = "<group>"; };
/* End PBXFileReference section */

/* Begin PBXFrameworksBuildPhase section */
		318BD04029AA7DBC0063BAA1 /* Frameworks */ = {
			isa = PBXFrameworksBuildPhase;
			buildActionMask = 2147483647;
			files = (
				318BD06529AA809C0063BAA1 /* FirebaseFirestoreCombine-Community in Frameworks */,
				318BD06129AA809C0063BAA1 /* FirebaseAuth in Frameworks */,
				318BD06329AA809C0063BAA1 /* FirebaseFirestore in Frameworks */,
				318BD06729AA809C0063BAA1 /* FirebaseFirestoreSwift in Frameworks */,
			);
			runOnlyForDeploymentPostprocessing = 0;
		};
/* End PBXFrameworksBuildPhase section */

/* Begin PBXGroup section */
		31677FF82B029DFE004D0783 /* DocumentViews */ = {
			isa = PBXGroup;
			children = (
				31DDC17829E705E20071EC59 /* DocumentMenuView.swift */,
				31DDC17A29E708130071EC59 /* DocumentDocket.swift */,
				31BC68FC29E8585A00E60FC9 /* DocumentStatement.swift */,
				3128E51F29F3222D008D4C7E /* DocumentOpenCase.swift */,
				310E80B42A00316200A18F67 /* DocumentAllCases.swift */,
				31677FF92B029E49004D0783 /* ToDoListView.swift */,
			);
			path = DocumentViews;
			sourceTree = "<group>";
		};
		318BD03A29AA7DBC0063BAA1 = {
			isa = PBXGroup;
			children = (
				318BD04529AA7DBC0063BAA1 /* npmb */,
				318BD04429AA7DBC0063BAA1 /* Products */,
			);
			sourceTree = "<group>";
		};
		318BD04429AA7DBC0063BAA1 /* Products */ = {
			isa = PBXGroup;
			children = (
				318BD04329AA7DBC0063BAA1 /* npmb.app */,
			);
			name = Products;
			sourceTree = "<group>";
		};
		318BD04529AA7DBC0063BAA1 /* npmb */ = {
			isa = PBXGroup;
			children = (
				31DDC17C29E708A50071EC59 /* ButtonStyles */,
				318BD07629AAA06F0063BAA1 /* Enumerations */,
				318BD07929AAA1170063BAA1 /* Extensions */,
				318BD05429AA7F9E0063BAA1 /* LoginViews */,
				318BD06D29AA9ADF0063BAA1 /* Models */,
				318BD07029AA9D100063BAA1 /* Services */,
				318BD06829AA81970063BAA1 /* ViewModels */,
				318BD07329AA9EAF0063BAA1 /* Views */,
				318BD04629AA7DBC0063BAA1 /* npmbApp.swift */,
				318BD04829AA7DBC0063BAA1 /* ContentView.swift */,
				318BD04A29AA7DBD0063BAA1 /* Assets.xcassets */,
				318BD06B29AA84610063BAA1 /* GoogleService-Info.plist */,
				318BD04C29AA7DBD0063BAA1 /* Preview Content */,
			);
			path = npmb;
			sourceTree = "<group>";
		};
		318BD04C29AA7DBD0063BAA1 /* Preview Content */ = {
			isa = PBXGroup;
			children = (
				318BD04D29AA7DBD0063BAA1 /* Preview Assets.xcassets */,
			);
			path = "Preview Content";
			sourceTree = "<group>";
		};
		318BD05429AA7F9E0063BAA1 /* LoginViews */ = {
			isa = PBXGroup;
			children = (
				318BD05529AA800B0063BAA1 /* CustomTextField.swift */,
				318BD05629AA800C0063BAA1 /* LoginView.swift */,
				318BD05829AA800C0063BAA1 /* MainInterfaceView.swift */,
				318BD05929AA800C0063BAA1 /* RegistrationView.swift */,
			);
			path = LoginViews;
			sourceTree = "<group>";
		};
		318BD06829AA81970063BAA1 /* ViewModels */ = {
			isa = PBXGroup;
			children = (
				318BD06929AA820E0063BAA1 /* CommonViewModel.swift */,
			);
			path = ViewModels;
			sourceTree = "<group>";
		};
		318BD06D29AA9ADF0063BAA1 /* Models */ = {
			isa = PBXGroup;
			children = (
				3137595B29B93086000482F2 /* AppearanceModel.swift */,
				3191680F29DF424800C96B92 /* AppearanceExtension.swift */,
				313BC3AA29AF025900D99BB8 /* CauseModel.swift */,
				317D987929B1825400709C32 /* CauseExtension.swift */,
				318BD06E29AA9BC00063BAA1 /* ClientModel.swift */,
				318BD08029AAB3320063BAA1 /* ClientExtension.swift */,
				3137595D29B93092000482F2 /* NotesModel.swift */,
				31FA892729E454FA0033AAC7 /* NotesExtension.swift */,
				318D7B5729E370C100256FDC /* NoteCats.swift */,
				3137595F29B9597C000482F2 /* RepresentationModel.swift */,
				312F6DC829D91D8E00267C48 /* RepresentationExtension.swift */,
				3147C82D29DCF87A005B56F7 /* ExpandedCause.swift */,
				3147C82F29DCFB38005B56F7 /* ExpandedRepresentation.swift */,
				31DDC18129E748370071EC59 /* ExpandedAppearance.swift */,
			);
			path = Models;
			sourceTree = "<group>";
		};
		318BD07029AA9D100063BAA1 /* Services */ = {
			isa = PBXGroup;
			children = (
				318BD07129AA9D280063BAA1 /* FormattingService.swift */,
				31054FFB29BAAC97004002DD /* DateService.swift */,
			);
			path = Services;
			sourceTree = "<group>";
		};
		318BD07329AA9EAF0063BAA1 /* Views */ = {
			isa = PBXGroup;
			children = (
				31677FF82B029DFE004D0783 /* DocumentViews */,
				318BD07429AA9FD60063BAA1 /* EditClientView.swift */,
				318BD07E29AAB2270063BAA1 /* SelectClientView.swift */,
				31F36A2F29B190750059D122 /* EditCauseView.swift */,
				317D987B29B1844700709C32 /* SelectCauseView.swift */,
				313A657129BB8F8C009B484D /* SelectCauseUtil.swift */,
				31035C6F29BA488800D95B49 /* SelectRepresentationView.swift */,
				31035C7529BA58EB00D95B49 /* EditRepresentationView.swift */,
				31322A6F29DDF755009FDB30 /* EditRepSelectCause.swift */,
				31322A7129DE0C9B009FDB30 /* EditRepInputMain.swift */,
				3191681129DF4AEA00C96B92 /* EditRepInputAppearance.swift */,
				318D7B5529E36D3D00256FDC /* EditRepInpNote.swift */,
				31FA892B29E499140033AAC7 /* CauseLineLabel.swift */,
				31BC47832A014F6E00FE8F45 /* PrintRepresentationStatus.swift */,
				31F919032A0859DD008C73D8 /* PrintClientStatus.swift */,
				31F94D6B2A39FA2800C62FF2 /* BackupMenuView.swift */,
				312EEBDD2A3A5577003BFBBB /* BackupClient.swift */,
				310A35012A3BED4800639766 /* BackupCause.swift */,
				31E0F5AF2A3D1430008E589C /* BackupRepresentation.swift */,
			);
			path = Views;
			sourceTree = "<group>";
		};
		318BD07629AAA06F0063BAA1 /* Enumerations */ = {
			isa = PBXGroup;
			children = (
				318BD07C29AAA87D0063BAA1 /* YesNoModel.swift */,
				318BD07729AAA0C30063BAA1 /* StateCodeModel.swift */,
				316035E429B443A3002D82F3 /* OffenseLevel.swift */,
				3137595929B91A6B000482F2 /* AvailableCourts.swift */,
				31054FFD29BAB53B004002DD /* PrimaryCategory.swift */,
				31054FFF29BAD183004002DD /* DispositionTypeOptions.swift */,
				3105500129BADFA3004002DD /* DispositionActionOptions.swift */,
				31E60D9229C3BC8900DC6A97 /* FunctionReturn.swift */,
				312EA8BC29F2ECB400991E55 /* CauseTypeOptions.swift */,
			);
			path = Enumerations;
			sourceTree = "<group>";
		};
		318BD07929AAA1170063BAA1 /* Extensions */ = {
			isa = PBXGroup;
			children = (
				318BD07A29AAA12A0063BAA1 /* GrowingButton.swift */,
				31B6748429B6F2100007D08B /* ActionEdit.swift */,
				31B6748629B6F4620007D08B /* ActionSelect.swift */,
				312EA24729BD2B6000B61D0A /* DeviceRotationViewModifier.swift */,
				312683CD2A13E5A80052375F /* TextFieldWithFocus.swift */,
			);
			path = Extensions;
			sourceTree = "<group>";
		};
		31DDC17C29E708A50071EC59 /* ButtonStyles */ = {
			isa = PBXGroup;
			children = (
				318BD05729AA800C0063BAA1 /* CustomButton.swift */,
				31FA892929E47A6E0033AAC7 /* CustomGreenButton.swift */,
				31DDC17D29E708C40071EC59 /* CustomDismissButton.swift */,
				31DDC17F29E70AC60071EC59 /* CustomNarrowButton.swift */,
				31F919052A085B4E008C73D8 /* CustomDeleteButton.swift */,
			);
			path = ButtonStyles;
			sourceTree = "<group>";
		};
/* End PBXGroup section */

/* Begin PBXNativeTarget section */
		318BD04229AA7DBC0063BAA1 /* npmb */ = {
			isa = PBXNativeTarget;
			buildConfigurationList = 318BD05129AA7DBD0063BAA1 /* Build configuration list for PBXNativeTarget "npmb" */;
			buildPhases = (
				318BD03F29AA7DBC0063BAA1 /* Sources */,
				318BD04029AA7DBC0063BAA1 /* Frameworks */,
				318BD04129AA7DBC0063BAA1 /* Resources */,
			);
			buildRules = (
			);
			dependencies = (
			);
			name = npmb;
			packageProductDependencies = (
				318BD06029AA809C0063BAA1 /* FirebaseAuth */,
				318BD06229AA809C0063BAA1 /* FirebaseFirestore */,
				318BD06429AA809C0063BAA1 /* FirebaseFirestoreCombine-Community */,
				318BD06629AA809C0063BAA1 /* FirebaseFirestoreSwift */,
			);
			productName = npmb;
			productReference = 318BD04329AA7DBC0063BAA1 /* npmb.app */;
			productType = "com.apple.product-type.application";
		};
/* End PBXNativeTarget section */

/* Begin PBXProject section */
		318BD03B29AA7DBC0063BAA1 /* Project object */ = {
			isa = PBXProject;
			attributes = {
				BuildIndependentTargetsInParallel = 1;
				LastSwiftUpdateCheck = 1420;
				LastUpgradeCheck = 1500;
				TargetAttributes = {
					318BD04229AA7DBC0063BAA1 = {
						CreatedOnToolsVersion = 14.2;
					};
				};
			};
			buildConfigurationList = 318BD03E29AA7DBC0063BAA1 /* Build configuration list for PBXProject "npmb" */;
			compatibilityVersion = "Xcode 14.0";
			developmentRegion = en;
			hasScannedForEncodings = 0;
			knownRegions = (
				en,
				Base,
			);
			mainGroup = 318BD03A29AA7DBC0063BAA1;
			packageReferences = (
				318BD05F29AA809C0063BAA1 /* XCRemoteSwiftPackageReference "firebase-ios-sdk" */,
			);
			productRefGroup = 318BD04429AA7DBC0063BAA1 /* Products */;
			projectDirPath = "";
			projectRoot = "";
			targets = (
				318BD04229AA7DBC0063BAA1 /* npmb */,
			);
		};
/* End PBXProject section */

/* Begin PBXResourcesBuildPhase section */
		318BD04129AA7DBC0063BAA1 /* Resources */ = {
			isa = PBXResourcesBuildPhase;
			buildActionMask = 2147483647;
			files = (
				318BD04E29AA7DBD0063BAA1 /* Preview Assets.xcassets in Resources */,
				318BD06C29AA84610063BAA1 /* GoogleService-Info.plist in Resources */,
				318BD04B29AA7DBD0063BAA1 /* Assets.xcassets in Resources */,
			);
			runOnlyForDeploymentPostprocessing = 0;
		};
/* End PBXResourcesBuildPhase section */

/* Begin PBXSourcesBuildPhase section */
		318BD03F29AA7DBC0063BAA1 /* Sources */ = {
			isa = PBXSourcesBuildPhase;
			buildActionMask = 2147483647;
			files = (
				31BC68FD29E8585A00E60FC9 /* DocumentStatement.swift in Sources */,
				318BD07829AAA0C30063BAA1 /* StateCodeModel.swift in Sources */,
				31FA892C29E499140033AAC7 /* CauseLineLabel.swift in Sources */,
				318BD04929AA7DBC0063BAA1 /* ContentView.swift in Sources */,
				318BD07B29AAA12A0063BAA1 /* GrowingButton.swift in Sources */,
				3137595A29B91A6B000482F2 /* AvailableCourts.swift in Sources */,
				3128E52029F3222D008D4C7E /* DocumentOpenCase.swift in Sources */,
				3137596029B9597C000482F2 /* RepresentationModel.swift in Sources */,
				31B6748729B6F4620007D08B /* ActionSelect.swift in Sources */,
				312EEBDE2A3A5577003BFBBB /* BackupClient.swift in Sources */,
				31F919062A085B4E008C73D8 /* CustomDeleteButton.swift in Sources */,
				310E80B52A00316200A18F67 /* DocumentAllCases.swift in Sources */,
				318BD04729AA7DBC0063BAA1 /* npmbApp.swift in Sources */,
				31F36A3029B190750059D122 /* EditCauseView.swift in Sources */,
				31F94D6C2A39FA2800C62FF2 /* BackupMenuView.swift in Sources */,
				31BC47842A014F6E00FE8F45 /* PrintRepresentationStatus.swift in Sources */,
				31DDC17929E705E20071EC59 /* DocumentMenuView.swift in Sources */,
				31FA892829E454FA0033AAC7 /* NotesExtension.swift in Sources */,
				31677FFA2B029E49004D0783 /* ToDoListView.swift in Sources */,
				318BD07229AA9D280063BAA1 /* FormattingService.swift in Sources */,
				31FA892A29E47A6E0033AAC7 /* CustomGreenButton.swift in Sources */,
				318BD05B29AA800C0063BAA1 /* LoginView.swift in Sources */,
				31F919042A0859DD008C73D8 /* PrintClientStatus.swift in Sources */,
				318BD05E29AA800C0063BAA1 /* RegistrationView.swift in Sources */,
				31322A7029DDF755009FDB30 /* EditRepSelectCause.swift in Sources */,
				3191681229DF4AEA00C96B92 /* EditRepInputAppearance.swift in Sources */,
				31DDC18229E748370071EC59 /* ExpandedAppearance.swift in Sources */,
				31054FFC29BAAC97004002DD /* DateService.swift in Sources */,
				3105500229BADFA3004002DD /* DispositionActionOptions.swift in Sources */,
				3105500029BAD183004002DD /* DispositionTypeOptions.swift in Sources */,
				31035C7029BA488800D95B49 /* SelectRepresentationView.swift in Sources */,
				313A657229BB8F8C009B484D /* SelectCauseUtil.swift in Sources */,
				31E60D9329C3BC8900DC6A97 /* FunctionReturn.swift in Sources */,
				3137595E29B93092000482F2 /* NotesModel.swift in Sources */,
				318D7B5629E36D3D00256FDC /* EditRepInpNote.swift in Sources */,
				312683CE2A13E5A80052375F /* TextFieldWithFocus.swift in Sources */,
				318BD05D29AA800C0063BAA1 /* MainInterfaceView.swift in Sources */,
				31DDC17B29E708130071EC59 /* DocumentDocket.swift in Sources */,
				31E0F5B02A3D1430008E589C /* BackupRepresentation.swift in Sources */,
				317D987C29B1844700709C32 /* SelectCauseView.swift in Sources */,
				318BD07D29AAA87D0063BAA1 /* YesNoModel.swift in Sources */,
				312EA8BD29F2ECB400991E55 /* CauseTypeOptions.swift in Sources */,
				31B6748529B6F2100007D08B /* ActionEdit.swift in Sources */,
				31054FFE29BAB53B004002DD /* PrimaryCategory.swift in Sources */,
				312EA24829BD2B6000B61D0A /* DeviceRotationViewModifier.swift in Sources */,
				318BD06A29AA820E0063BAA1 /* CommonViewModel.swift in Sources */,
				3147C82E29DCF87A005B56F7 /* ExpandedCause.swift in Sources */,
				318BD05A29AA800C0063BAA1 /* CustomTextField.swift in Sources */,
				31035C7629BA58EB00D95B49 /* EditRepresentationView.swift in Sources */,
				318BD06F29AA9BC00063BAA1 /* ClientModel.swift in Sources */,
				318BD08129AAB3320063BAA1 /* ClientExtension.swift in Sources */,
				313BC3AB29AF025900D99BB8 /* CauseModel.swift in Sources */,
				31DDC18029E70AC60071EC59 /* CustomNarrowButton.swift in Sources */,
				310A35022A3BED4800639766 /* BackupCause.swift in Sources */,
				318D7B5829E370C100256FDC /* NoteCats.swift in Sources */,
				316035E529B443A3002D82F3 /* OffenseLevel.swift in Sources */,
				318BD07529AA9FD60063BAA1 /* EditClientView.swift in Sources */,
				317D987A29B1825400709C32 /* CauseExtension.swift in Sources */,
				31322A7229DE0C9B009FDB30 /* EditRepInputMain.swift in Sources */,
				3137595C29B93086000482F2 /* AppearanceModel.swift in Sources */,
				31DDC17E29E708C40071EC59 /* CustomDismissButton.swift in Sources */,
				3147C83029DCFB38005B56F7 /* ExpandedRepresentation.swift in Sources */,
				318BD05C29AA800C0063BAA1 /* CustomButton.swift in Sources */,
				312F6DC929D91D8E00267C48 /* RepresentationExtension.swift in Sources */,
				3191681029DF424800C96B92 /* AppearanceExtension.swift in Sources */,
				318BD07F29AAB2270063BAA1 /* SelectClientView.swift in Sources */,
			);
			runOnlyForDeploymentPostprocessing = 0;
		};
/* End PBXSourcesBuildPhase section */

/* Begin XCBuildConfiguration section */
		318BD04F29AA7DBD0063BAA1 /* Debug */ = {
			isa = XCBuildConfiguration;
			buildSettings = {
				ALWAYS_SEARCH_USER_PATHS = NO;
				CLANG_ANALYZER_NONNULL = YES;
				CLANG_ANALYZER_NUMBER_OBJECT_CONVERSION = YES_AGGRESSIVE;
				CLANG_CXX_LANGUAGE_STANDARD = "gnu++20";
				CLANG_ENABLE_MODULES = YES;
				CLANG_ENABLE_OBJC_ARC = YES;
				CLANG_ENABLE_OBJC_WEAK = YES;
				CLANG_WARN_BLOCK_CAPTURE_AUTORELEASING = YES;
				CLANG_WARN_BOOL_CONVERSION = YES;
				CLANG_WARN_COMMA = YES;
				CLANG_WARN_CONSTANT_CONVERSION = YES;
				CLANG_WARN_DEPRECATED_OBJC_IMPLEMENTATIONS = YES;
				CLANG_WARN_DIRECT_OBJC_ISA_USAGE = YES_ERROR;
				CLANG_WARN_DOCUMENTATION_COMMENTS = YES;
				CLANG_WARN_EMPTY_BODY = YES;
				CLANG_WARN_ENUM_CONVERSION = YES;
				CLANG_WARN_INFINITE_RECURSION = YES;
				CLANG_WARN_INT_CONVERSION = YES;
				CLANG_WARN_NON_LITERAL_NULL_CONVERSION = YES;
				CLANG_WARN_OBJC_IMPLICIT_RETAIN_SELF = YES;
				CLANG_WARN_OBJC_LITERAL_CONVERSION = YES;
				CLANG_WARN_OBJC_ROOT_CLASS = YES_ERROR;
				CLANG_WARN_QUOTED_INCLUDE_IN_FRAMEWORK_HEADER = YES;
				CLANG_WARN_RANGE_LOOP_ANALYSIS = YES;
				CLANG_WARN_STRICT_PROTOTYPES = YES;
				CLANG_WARN_SUSPICIOUS_MOVE = YES;
				CLANG_WARN_UNGUARDED_AVAILABILITY = YES_AGGRESSIVE;
				CLANG_WARN_UNREACHABLE_CODE = YES;
				CLANG_WARN__DUPLICATE_METHOD_MATCH = YES;
				COPY_PHASE_STRIP = NO;
				DEBUG_INFORMATION_FORMAT = dwarf;
				ENABLE_STRICT_OBJC_MSGSEND = YES;
				ENABLE_TESTABILITY = YES;
				ENABLE_USER_SCRIPT_SANDBOXING = YES;
				GCC_C_LANGUAGE_STANDARD = gnu11;
				GCC_DYNAMIC_NO_PIC = NO;
				GCC_NO_COMMON_BLOCKS = YES;
				GCC_OPTIMIZATION_LEVEL = 0;
				GCC_PREPROCESSOR_DEFINITIONS = (
					"DEBUG=1",
					"$(inherited)",
				);
				GCC_WARN_64_TO_32_BIT_CONVERSION = YES;
				GCC_WARN_ABOUT_RETURN_TYPE = YES_ERROR;
				GCC_WARN_UNDECLARED_SELECTOR = YES;
				GCC_WARN_UNINITIALIZED_AUTOS = YES_AGGRESSIVE;
				GCC_WARN_UNUSED_FUNCTION = YES;
				GCC_WARN_UNUSED_VARIABLE = YES;
				IPHONEOS_DEPLOYMENT_TARGET = 16.2;
				MTL_ENABLE_DEBUG_INFO = INCLUDE_SOURCE;
				MTL_FAST_MATH = YES;
				ONLY_ACTIVE_ARCH = YES;
				SDKROOT = iphoneos;
				SWIFT_ACTIVE_COMPILATION_CONDITIONS = DEBUG;
				SWIFT_OPTIMIZATION_LEVEL = "-Onone";
			};
			name = Debug;
		};
		318BD05029AA7DBD0063BAA1 /* Release */ = {
			isa = XCBuildConfiguration;
			buildSettings = {
				ALWAYS_SEARCH_USER_PATHS = NO;
				CLANG_ANALYZER_NONNULL = YES;
				CLANG_ANALYZER_NUMBER_OBJECT_CONVERSION = YES_AGGRESSIVE;
				CLANG_CXX_LANGUAGE_STANDARD = "gnu++20";
				CLANG_ENABLE_MODULES = YES;
				CLANG_ENABLE_OBJC_ARC = YES;
				CLANG_ENABLE_OBJC_WEAK = YES;
				CLANG_WARN_BLOCK_CAPTURE_AUTORELEASING = YES;
				CLANG_WARN_BOOL_CONVERSION = YES;
				CLANG_WARN_COMMA = YES;
				CLANG_WARN_CONSTANT_CONVERSION = YES;
				CLANG_WARN_DEPRECATED_OBJC_IMPLEMENTATIONS = YES;
				CLANG_WARN_DIRECT_OBJC_ISA_USAGE = YES_ERROR;
				CLANG_WARN_DOCUMENTATION_COMMENTS = YES;
				CLANG_WARN_EMPTY_BODY = YES;
				CLANG_WARN_ENUM_CONVERSION = YES;
				CLANG_WARN_INFINITE_RECURSION = YES;
				CLANG_WARN_INT_CONVERSION = YES;
				CLANG_WARN_NON_LITERAL_NULL_CONVERSION = YES;
				CLANG_WARN_OBJC_IMPLICIT_RETAIN_SELF = YES;
				CLANG_WARN_OBJC_LITERAL_CONVERSION = YES;
				CLANG_WARN_OBJC_ROOT_CLASS = YES_ERROR;
				CLANG_WARN_QUOTED_INCLUDE_IN_FRAMEWORK_HEADER = YES;
				CLANG_WARN_RANGE_LOOP_ANALYSIS = YES;
				CLANG_WARN_STRICT_PROTOTYPES = YES;
				CLANG_WARN_SUSPICIOUS_MOVE = YES;
				CLANG_WARN_UNGUARDED_AVAILABILITY = YES_AGGRESSIVE;
				CLANG_WARN_UNREACHABLE_CODE = YES;
				CLANG_WARN__DUPLICATE_METHOD_MATCH = YES;
				COPY_PHASE_STRIP = NO;
				DEBUG_INFORMATION_FORMAT = "dwarf-with-dsym";
				ENABLE_NS_ASSERTIONS = NO;
				ENABLE_STRICT_OBJC_MSGSEND = YES;
				ENABLE_USER_SCRIPT_SANDBOXING = YES;
				GCC_C_LANGUAGE_STANDARD = gnu11;
				GCC_NO_COMMON_BLOCKS = YES;
				GCC_WARN_64_TO_32_BIT_CONVERSION = YES;
				GCC_WARN_ABOUT_RETURN_TYPE = YES_ERROR;
				GCC_WARN_UNDECLARED_SELECTOR = YES;
				GCC_WARN_UNINITIALIZED_AUTOS = YES_AGGRESSIVE;
				GCC_WARN_UNUSED_FUNCTION = YES;
				GCC_WARN_UNUSED_VARIABLE = YES;
				IPHONEOS_DEPLOYMENT_TARGET = 16.2;
				MTL_ENABLE_DEBUG_INFO = NO;
				MTL_FAST_MATH = YES;
				SDKROOT = iphoneos;
				SWIFT_COMPILATION_MODE = wholemodule;
				SWIFT_OPTIMIZATION_LEVEL = "-O";
				VALIDATE_PRODUCT = YES;
			};
			name = Release;
		};
		318BD05229AA7DBD0063BAA1 /* Debug */ = {
			isa = XCBuildConfiguration;
			buildSettings = {
				ASSETCATALOG_COMPILER_APPICON_NAME = AppIcon;
				ASSETCATALOG_COMPILER_GLOBAL_ACCENT_COLOR_NAME = AccentColor;
				CODE_SIGN_STYLE = Automatic;
				CURRENT_PROJECT_VERSION = 1;
				DEVELOPMENT_ASSET_PATHS = "\"npmb/Preview Content\"";
				DEVELOPMENT_TEAM = 7W35AZ9EHX;
				ENABLE_PREVIEWS = YES;
				GENERATE_INFOPLIST_FILE = YES;
				INFOPLIST_KEY_UIApplicationSceneManifest_Generation = YES;
				INFOPLIST_KEY_UIApplicationSupportsIndirectInputEvents = YES;
				INFOPLIST_KEY_UILaunchScreen_Generation = YES;
				INFOPLIST_KEY_UISupportedInterfaceOrientations_iPad = "UIInterfaceOrientationPortrait UIInterfaceOrientationPortraitUpsideDown UIInterfaceOrientationLandscapeLeft UIInterfaceOrientationLandscapeRight";
				INFOPLIST_KEY_UISupportedInterfaceOrientations_iPhone = "UIInterfaceOrientationPortrait UIInterfaceOrientationLandscapeLeft UIInterfaceOrientationLandscapeRight";
				IPHONEOS_DEPLOYMENT_TARGET = 16.1;
				LD_RUNPATH_SEARCH_PATHS = (
					"$(inherited)",
					"@executable_path/Frameworks",
				);
				MARKETING_VERSION = 1.0;
				PRODUCT_BUNDLE_IDENTIFIER = com.alberslegal.npmb;
				PRODUCT_NAME = "$(TARGET_NAME)";
				SWIFT_EMIT_LOC_STRINGS = YES;
				SWIFT_VERSION = 5.0;
				TARGETED_DEVICE_FAMILY = "1,2";
			};
			name = Debug;
		};
		318BD05329AA7DBD0063BAA1 /* Release */ = {
			isa = XCBuildConfiguration;
			buildSettings = {
				ASSETCATALOG_COMPILER_APPICON_NAME = AppIcon;
				ASSETCATALOG_COMPILER_GLOBAL_ACCENT_COLOR_NAME = AccentColor;
				CODE_SIGN_STYLE = Automatic;
				CURRENT_PROJECT_VERSION = 1;
				DEVELOPMENT_ASSET_PATHS = "\"npmb/Preview Content\"";
				DEVELOPMENT_TEAM = 7W35AZ9EHX;
				ENABLE_PREVIEWS = YES;
				GENERATE_INFOPLIST_FILE = YES;
				INFOPLIST_KEY_UIApplicationSceneManifest_Generation = YES;
				INFOPLIST_KEY_UIApplicationSupportsIndirectInputEvents = YES;
				INFOPLIST_KEY_UILaunchScreen_Generation = YES;
				INFOPLIST_KEY_UISupportedInterfaceOrientations_iPad = "UIInterfaceOrientationPortrait UIInterfaceOrientationPortraitUpsideDown UIInterfaceOrientationLandscapeLeft UIInterfaceOrientationLandscapeRight";
				INFOPLIST_KEY_UISupportedInterfaceOrientations_iPhone = "UIInterfaceOrientationPortrait UIInterfaceOrientationLandscapeLeft UIInterfaceOrientationLandscapeRight";
				IPHONEOS_DEPLOYMENT_TARGET = 16.1;
				LD_RUNPATH_SEARCH_PATHS = (
					"$(inherited)",
					"@executable_path/Frameworks",
				);
				MARKETING_VERSION = 1.0;
				PRODUCT_BUNDLE_IDENTIFIER = com.alberslegal.npmb;
				PRODUCT_NAME = "$(TARGET_NAME)";
				SWIFT_EMIT_LOC_STRINGS = YES;
				SWIFT_VERSION = 5.0;
				TARGETED_DEVICE_FAMILY = "1,2";
			};
			name = Release;
		};
/* End XCBuildConfiguration section */

/* Begin XCConfigurationList section */
		318BD03E29AA7DBC0063BAA1 /* Build configuration list for PBXProject "npmb" */ = {
			isa = XCConfigurationList;
			buildConfigurations = (
				318BD04F29AA7DBD0063BAA1 /* Debug */,
				318BD05029AA7DBD0063BAA1 /* Release */,
			);
			defaultConfigurationIsVisible = 0;
			defaultConfigurationName = Release;
		};
		318BD05129AA7DBD0063BAA1 /* Build configuration list for PBXNativeTarget "npmb" */ = {
			isa = XCConfigurationList;
			buildConfigurations = (
				318BD05229AA7DBD0063BAA1 /* Debug */,
				318BD05329AA7DBD0063BAA1 /* Release */,
			);
			defaultConfigurationIsVisible = 0;
			defaultConfigurationName = Release;
		};
/* End XCConfigurationList section */

/* Begin XCRemoteSwiftPackageReference section */
		318BD05F29AA809C0063BAA1 /* XCRemoteSwiftPackageReference "firebase-ios-sdk" */ = {
			isa = XCRemoteSwiftPackageReference;
			repositoryURL = "https://github.com/firebase/firebase-ios-sdk";
			requirement = {
				kind = upToNextMajorVersion;
				minimumVersion = 10.10.15;
			};
		};
/* End XCRemoteSwiftPackageReference section */

/* Begin XCSwiftPackageProductDependency section */
		318BD06029AA809C0063BAA1 /* FirebaseAuth */ = {
			isa = XCSwiftPackageProductDependency;
			package = 318BD05F29AA809C0063BAA1 /* XCRemoteSwiftPackageReference "firebase-ios-sdk" */;
			productName = FirebaseAuth;
		};
		318BD06229AA809C0063BAA1 /* FirebaseFirestore */ = {
			isa = XCSwiftPackageProductDependency;
			package = 318BD05F29AA809C0063BAA1 /* XCRemoteSwiftPackageReference "firebase-ios-sdk" */;
			productName = FirebaseFirestore;
		};
		318BD06429AA809C0063BAA1 /* FirebaseFirestoreCombine-Community */ = {
			isa = XCSwiftPackageProductDependency;
			package = 318BD05F29AA809C0063BAA1 /* XCRemoteSwiftPackageReference "firebase-ios-sdk" */;
			productName = "FirebaseFirestoreCombine-Community";
		};
		318BD06629AA809C0063BAA1 /* FirebaseFirestoreSwift */ = {
			isa = XCSwiftPackageProductDependency;
			package = 318BD05F29AA809C0063BAA1 /* XCRemoteSwiftPackageReference "firebase-ios-sdk" */;
			productName = FirebaseFirestoreSwift;
		};
/* End XCSwiftPackageProductDependency section */
	};
	rootObject = 318BD03B29AA7DBC0063BAA1 /* Project object */;
}
